
Microsoft Visual Studio Solution File, Format Version 12.00
# Visual Studio Version 17
VisualStudioVersion = 17.11.35327.3
MinimumVisualStudioVersion = 10.0.40219.1
Project("{FAE04EC0-301F-11D3-BF4B-00C04F79EFBC}") = "Constructor", "StudentConstructor\Constructor.csproj", "{557D273D-AE09-4E97-85ED-BEB2F41EB20E}"
EndProject
Global
	GlobalSection(SolutionConfigurationPlatforms) = preSolution
		Debug|Any CPU = Debug|Any CPU
		Release|Any CPU = Release|Any CPU
	EndGlobalSection
	GlobalSection(ProjectConfigurationPlatforms) = postSolution
		{557D273D-AE09-4E97-85ED-BEB2F41EB20E}.Debug|Any CPU.ActiveCfg = Debug|Any CPU
		{557D273D-AE09-4E97-85ED-BEB2F41EB20E}.Debug|Any CPU.Build.0 = Debug|Any CPU
		{557D273D-AE09-4E97-85ED-BEB2F41EB20E}.Release|Any CPU.ActiveCfg = Release|Any CPU
		{557D273D-AE09-4E97-85ED-BEB2F41EB20E}.Release|Any CPU.Build.0 = Release|Any CPU
	EndGlobalSection
	GlobalSection(SolutionProperties) = preSolution
		HideSolutionNode = FALSE
	EndGlobalSection
	GlobalSection(ExtensibilityGlobals) = postSolution
		SolutionGuid = {F6C791F7-4683-4743-A7E8-648BFD6805FE}
	EndGlobalSection
EndGlobal
